{
  "version": 4,
  "terraform_version": "1.2.3",
  "serial": 49,
  "lineage": "2f554349-d1c7-e910-6941-9b1ebb35e196",
  "outputs": {},
  "resources": [
    {
      "mode": "managed",
      "type": "google_compute_instance",
      "name": "python-app-management-vm",
      "provider": "provider[\"registry.terraform.io/hashicorp/google\"]",
      "instances": [
        {
          "schema_version": 6,
          "attributes": {
            "advanced_machine_features": [],
            "allow_stopping_for_update": null,
            "attached_disk": [],
            "boot_disk": [
              {
                "auto_delete": true,
                "device_name": "persistent-disk-0",
                "disk_encryption_key_raw": "",
                "disk_encryption_key_sha256": "",
                "initialize_params": [
                  {
                    "image": "https://www.googleapis.com/compute/v1/projects/mostafa-alnaggar-project/global/images/vm-gke-cluster",
                    "labels": {},
                    "size": 10,
                    "type": "pd-standard"
                  }
                ],
                "kms_key_self_link": "",
                "mode": "READ_WRITE",
                "source": "https://www.googleapis.com/compute/v1/projects/mostafa-alnaggar-project/zones/europe-west1-b/disks/python-app-management-vm"
              }
            ],
            "can_ip_forward": false,
            "confidential_instance_config": [],
            "cpu_platform": "Intel Broadwell",
            "current_status": "RUNNING",
            "deletion_protection": false,
            "description": "",
            "desired_status": null,
            "enable_display": false,
            "guest_accelerator": [],
            "hostname": "",
            "id": "projects/mostafa-alnaggar-project/zones/europe-west1-b/instances/python-app-management-vm",
            "instance_id": "4683104606094910864",
            "label_fingerprint": "42WmSpB8rSM=",
            "labels": null,
            "machine_type": "e2-medium",
            "metadata": null,
            "metadata_fingerprint": "f8o1jY384ZM=",
            "metadata_startup_script": null,
            "min_cpu_platform": "",
            "name": "python-app-management-vm",
            "network_interface": [
              {
                "access_config": [],
                "alias_ip_range": [],
                "ipv6_access_config": [],
                "ipv6_access_type": "",
                "name": "nic0",
                "network": "https://www.googleapis.com/compute/v1/projects/mostafa-alnaggar-project/global/networks/python-app-vpc",
                "network_ip": "10.0.1.2",
                "nic_type": "",
                "queue_count": 0,
                "stack_type": "IPV4_ONLY",
                "subnetwork": "https://www.googleapis.com/compute/v1/projects/mostafa-alnaggar-project/regions/europe-west1/subnetworks/python-app-managment-subnet",
                "subnetwork_project": "mostafa-alnaggar-project"
              }
            ],
            "project": "mostafa-alnaggar-project",
            "reservation_affinity": [],
            "resource_policies": null,
            "scheduling": [
              {
                "automatic_restart": true,
                "min_node_cpus": 0,
                "node_affinities": [],
                "on_host_maintenance": "MIGRATE",
                "preemptible": false,
                "provisioning_model": "STANDARD"
              }
            ],
            "scratch_disk": [],
            "self_link": "https://www.googleapis.com/compute/v1/projects/mostafa-alnaggar-project/zones/europe-west1-b/instances/python-app-management-vm",
            "service_account": [
              {
                "email": "manage-sa@mostafa-alnaggar-project.iam.gserviceaccount.com",
                "scopes": [
                  "https://www.googleapis.com/auth/cloud-platform"
                ]
              }
            ],
            "shielded_instance_config": [
              {
                "enable_integrity_monitoring": true,
                "enable_secure_boot": false,
                "enable_vtpm": true
              }
            ],
            "tags": null,
            "tags_fingerprint": "42WmSpB8rSM=",
            "timeouts": null,
            "zone": "europe-west1-b"
          },
          "sensitive_attributes": [],
          "private": "eyJlMmJmYjczMC1lY2FhLTExZTYtOGY4OC0zNDM2M2JjN2M0YzAiOnsiY3JlYXRlIjoxMjAwMDAwMDAwMDAwLCJkZWxldGUiOjEyMDAwMDAwMDAwMDAsInVwZGF0ZSI6MTIwMDAwMDAwMDAwMH0sInNjaGVtYV92ZXJzaW9uIjoiNiJ9",
          "dependencies": [
            "google_service_account.manage-sa",
            "module.Network.google_compute_network.python-app-vpc",
            "module.Network.google_compute_subnetwork.python-app-managment-subnet"
          ]
        }
      ]
    },
    {
      "mode": "managed",
      "type": "google_container_cluster",
      "name": "python-app-gke-cluster",
      "provider": "provider[\"registry.terraform.io/hashicorp/google\"]",
      "instances": [
        {
          "schema_version": 1,
          "attributes": {
            "addons_config": [
              {
                "cloudrun_config": [],
                "dns_cache_config": [],
                "gce_persistent_disk_csi_driver_config": [
                  {
                    "enabled": true
                  }
                ],
                "gcp_filestore_csi_driver_config": [],
                "horizontal_pod_autoscaling": [],
                "http_load_balancing": [],
                "network_policy_config": [
                  {
                    "disabled": true
                  }
                ]
              }
            ],
            "authenticator_groups_config": [],
            "binary_authorization": [
              {
                "enabled": false,
                "evaluation_mode": ""
              }
            ],
            "cluster_autoscaling": [
              {
                "auto_provisioning_defaults": [],
                "enabled": false,
                "resource_limits": []
              }
            ],
            "cluster_ipv4_cidr": "10.136.0.0/14",
            "confidential_nodes": [],
            "database_encryption": [
              {
                "key_name": "",
                "state": "DECRYPTED"
              }
            ],
            "datapath_provider": "",
            "default_max_pods_per_node": 110,
            "default_snat_status": [
              {
                "disabled": false
              }
            ],
            "description": "",
            "dns_config": [],
            "enable_autopilot": false,
            "enable_binary_authorization": false,
            "enable_intranode_visibility": false,
            "enable_kubernetes_alpha": false,
            "enable_legacy_abac": false,
            "enable_shielded_nodes": true,
            "enable_tpu": false,
            "endpoint": "172.10.0.2",
            "id": "projects/mostafa-alnaggar-project/locations/europe-west1-b/clusters/python-app-gke-cluster",
            "initial_node_count": 1,
            "ip_allocation_policy": [
              {
                "cluster_ipv4_cidr_block": "10.136.0.0/14",
                "cluster_secondary_range_name": "gke-python-app-gke-cluster-pods-2e2d3131",
                "services_ipv4_cidr_block": "10.140.0.0/20",
                "services_secondary_range_name": "gke-python-app-gke-cluster-services-2e2d3131"
              }
            ],
            "label_fingerprint": "a9dc16a7",
            "location": "europe-west1-b",
            "logging_config": [
              {
                "enable_components": [
                  "SYSTEM_COMPONENTS",
                  "WORKLOADS"
                ]
              }
            ],
            "logging_service": "logging.googleapis.com/kubernetes",
            "maintenance_policy": [],
            "master_auth": [
              {
                "client_certificate": "",
                "client_certificate_config": [
                  {
                    "issue_client_certificate": false
                  }
                ],
                "client_key": "",
                "cluster_ca_certificate": "LS0tLS1CRUdJTiBDRVJUSUZJQ0FURS0tLS0tCk1JSUVMRENDQXBTZ0F3SUJBZ0lRS0R1dW9HbHIvQitSempOekNtenhxVEFOQmdrcWhraUc5dzBCQVFzRkFEQXYKTVMwd0t3WURWUVFERXlRd056Sm1NMlpsT1MweVl6STJMVFJpTkdRdE9UazBOQzFtWTJZMk5qTmxNV00yTXpNdwpJQmNOTWpJd056TXhNREF6TVRReVdoZ1BNakExTWpBM01qTXdNVE14TkRKYU1DOHhMVEFyQmdOVkJBTVRKREEzCk1tWXpabVU1TFRKak1qWXROR0kwWkMwNU9UUTBMV1pqWmpZMk0yVXhZell6TXpDQ0FhSXdEUVlKS29aSWh2Y04KQVFFQkJRQURnZ0dQQURDQ0FZb0NnZ0dCQUxUeVliWDYxc09TeXY0akRMZVpqd1Z1T3RodEFxeDB1SThROXdXdAoyNnhoM2lySzltdFB1aXZvWVFuRmxjWGhSdGVyV2x1SmUwYTN3SVh2bWt1NXZMUmFRc2Jzd1l4eThQRlhEcGlKCm5GVWhhdHpVQVFJeWc3Nk1oc2VhNXZGVWhwdUdrSGUzR0FBLzkxWTg4YVMwT0J2WGt2N2JFMGd3UjlrVkJTM04KSERJR2NtL21PV2tRNFhtUHRTVk16T0pHZzIxNHllNFpkbjlDSmV1MUFMaHY2c2pqR1N5emgwYk1QRnc2Mkp5MgozMTRud1JRTmRSU0ZIUmc1bHptNnZxTlJ2eUpuK0xrZVlmWk11REYrcUtzMm9KamFERWM4UUI0ekZIVXJxek9ICndVeEpjSStNNnJyNEVTd2lINFFjRHE2SmxmWjRxQnJVSnR3LzkvcE4zSVFVdjRJSEg3OFM3S0lvMkQ2U0ZvU00KQVNDUHFCSHRocmJNamU5aGFJbWhVMEJuNGNmNVB0dXZxZWpQbHpZQTh2Rk9mUy9XcU1XZDNvK3ladlVQcEE2RQphS2hUbkZpZjdkc2o1N2dCMXQ4VnBPcnV1RzBMc2pqVUZIR2V2STR3M2R2MThlUWFPcVdLcnBPQ3owdXkwVjlQCjZ0eHc5TUdScjUxODYwbzVRNG9OWVkySlZRSURBUUFCbzBJd1FEQU9CZ05WSFE4QkFmOEVCQU1DQWdRd0R3WUQKVlIwVEFRSC9CQVV3QXdFQi96QWRCZ05WSFE0RUZnUVV3S1pJZ0EvL0d1bmY5eWhHUURROW5LQ3VmQmN3RFFZSgpLb1pJaHZjTkFRRUxCUUFEZ2dHQkFLRzQvdldxaEdLSWk5bTdQQjFXemNHQkhvbzVCK3I4d1d4bFVLaHhuVG93CmEzOWdoZ3pEUVY5TkI4LzBkT2NsUzFXYW0rcHlYQ0M0REdiQ1g0OXEvaFBDWXhjSmgxRldTSUFzOENac3JCVlIKcVpRd24zeGJBaFVnaUkwQWkzTkVwRHZrQVpkekordCtjSE1VdThVbktWUVVxcmVRdVI2VU1CN3MwbUFWZERiNgpmTGZwZWdNVmxSMWlUM0QrVTF3K0cycG9ZMldEdklIcnFQNktKdG9maUs1K0tsMGc2TjVTM3lST2MwdnZ5dW5JCmVhSUxXM2dKbkNMdGpQWjFlbUdBVGF2YzcvL2Z5SjVGbzVlUXpFa1hQZ1ZSakd0ZnlwdDVUb3hJdDRpY1MxWE0KbmlRS1FzQTZUSHdEQzE0M2tsZHdCLzZoYW0yWjVTQjBRd2NDUW9HSDhJYzZ1bnR5Y0s5b1VBdW5JUUJta1dYLwpCZWNYSDR1R256Y1k1VVNkM2gyd29xcjBVVkI0K1dXeVlwVjltTVZFVmxZQlBLWVJvNmV4K3dyVGFwNWZKaWVXCmtTaXN3VnNKNElhd3M2cE1pSWhNNkVNZWt2MUJnbDRuVEVFdXFObkZkdFlDaDBTRDB5VmJlN3FiMURYVTd3dnYKWU0yVTZ6M2c3TXBqRlRUemRCMndjUT09Ci0tLS0tRU5EIENFUlRJRklDQVRFLS0tLS0K"
              }
            ],
            "master_authorized_networks_config": [
              {
                "cidr_blocks": [
                  {
                    "cidr_block": "10.0.1.0/24",
                    "display_name": ""
                  }
                ]
              }
            ],
            "master_version": "1.22.10-gke.600",
            "min_master_version": null,
            "monitoring_config": [
              {
                "enable_components": [
                  "SYSTEM_COMPONENTS"
                ]
              }
            ],
            "monitoring_service": "monitoring.googleapis.com/kubernetes",
            "name": "python-app-gke-cluster",
            "network": "projects/mostafa-alnaggar-project/global/networks/python-app-vpc",
            "network_policy": [
              {
                "enabled": false,
                "provider": "PROVIDER_UNSPECIFIED"
              }
            ],
            "networking_mode": "VPC_NATIVE",
            "node_config": [],
            "node_locations": [],
            "node_pool": [],
            "node_version": "1.22.10-gke.600",
            "notification_config": [
              {
                "pubsub": [
                  {
                    "enabled": false,
                    "topic": ""
                  }
                ]
              }
            ],
            "operation": null,
            "private_cluster_config": [
              {
                "enable_private_endpoint": true,
                "enable_private_nodes": true,
                "master_global_access_config": [
                  {
                    "enabled": false
                  }
                ],
                "master_ipv4_cidr_block": "172.10.0.0/28",
                "peering_name": "gke-n3da91bfc3af6acf851f-2b47-db00-peer",
                "private_endpoint": "172.10.0.2",
                "public_endpoint": "104.155.91.225"
              }
            ],
            "private_ipv6_google_access": "",
            "project": "mostafa-alnaggar-project",
            "release_channel": [
              {
                "channel": "REGULAR"
              }
            ],
            "remove_default_node_pool": true,
            "resource_labels": null,
            "resource_usage_export_config": [],
            "self_link": "https://container.googleapis.com/v1/projects/mostafa-alnaggar-project/zones/europe-west1-b/clusters/python-app-gke-cluster",
            "services_ipv4_cidr": "10.140.0.0/20",
            "subnetwork": "projects/mostafa-alnaggar-project/regions/europe-west1/subnetworks/python-app-restricted-subnet",
            "timeouts": null,
            "tpu_ipv4_cidr_block": "",
            "vertical_pod_autoscaling": [],
            "workload_identity_config": []
          },
          "sensitive_attributes": [],
          "private": "eyJlMmJmYjczMC1lY2FhLTExZTYtOGY4OC0zNDM2M2JjN2M0YzAiOnsiY3JlYXRlIjoyNDAwMDAwMDAwMDAwLCJkZWxldGUiOjI0MDAwMDAwMDAwMDAsInJlYWQiOjI0MDAwMDAwMDAwMDAsInVwZGF0ZSI6MzYwMDAwMDAwMDAwMH0sInNjaGVtYV92ZXJzaW9uIjoiMSJ9",
          "dependencies": [
            "module.Network.google_compute_network.python-app-vpc",
            "module.Network.google_compute_subnetwork.python-app-restricted-subnet"
          ]
        }
      ]
    },
    {
      "mode": "managed",
      "type": "google_container_node_pool",
      "name": "gke-cluster-nodes",
      "provider": "provider[\"registry.terraform.io/hashicorp/google\"]",
      "instances": [
        {
          "schema_version": 1,
          "attributes": {
            "autoscaling": [],
            "cluster": "python-app-gke-cluster",
            "id": "projects/mostafa-alnaggar-project/locations/europe-west1-b/clusters/python-app-gke-cluster/nodePools/gke-cluster-nodes",
            "initial_node_count": 2,
            "instance_group_urls": [
              "https://www.googleapis.com/compute/v1/projects/mostafa-alnaggar-project/zones/europe-west1-b/instanceGroupManagers/gke-python-app-gke-c-gke-cluster-node-8b5a6c55-grp"
            ],
            "location": "europe-west1-b",
            "managed_instance_group_urls": [
              "https://www.googleapis.com/compute/v1/projects/mostafa-alnaggar-project/zones/europe-west1-b/instanceGroups/gke-python-app-gke-c-gke-cluster-node-8b5a6c55-grp"
            ],
            "management": [
              {
                "auto_repair": true,
                "auto_upgrade": true
              }
            ],
            "max_pods_per_node": 110,
            "name": "gke-cluster-nodes",
            "name_prefix": "",
            "node_config": [
              {
                "boot_disk_kms_key": "",
                "disk_size_gb": 100,
                "disk_type": "pd-standard",
                "gcfs_config": [],
                "guest_accelerator": [],
                "gvnic": [],
                "image_type": "COS_CONTAINERD",
                "labels": {},
                "local_ssd_count": 0,
                "machine_type": "e2-medium",
                "metadata": {
                  "disable-legacy-endpoints": "true"
                },
                "min_cpu_platform": "",
                "node_group": "",
                "oauth_scopes": [
                  "https://www.googleapis.com/auth/logging.write",
                  "https://www.googleapis.com/auth/monitoring"
                ],
                "preemptible": false,
                "service_account": "gke-sa@mostafa-alnaggar-project.iam.gserviceaccount.com",
                "shielded_instance_config": [
                  {
                    "enable_integrity_monitoring": true,
                    "enable_secure_boot": false
                  }
                ],
                "spot": false,
                "tags": null,
                "taint": [],
                "workload_metadata_config": []
              }
            ],
            "node_count": 2,
            "node_locations": [
              "europe-west1-b"
            ],
            "operation": null,
            "project": "mostafa-alnaggar-project",
            "timeouts": null,
            "upgrade_settings": [
              {
                "max_surge": 1,
                "max_unavailable": 0
              }
            ],
            "version": "1.22.10-gke.600"
          },
          "sensitive_attributes": [],
          "private": "eyJlMmJmYjczMC1lY2FhLTExZTYtOGY4OC0zNDM2M2JjN2M0YzAiOnsiY3JlYXRlIjoxODAwMDAwMDAwMDAwLCJkZWxldGUiOjE4MDAwMDAwMDAwMDAsInVwZGF0ZSI6MTgwMDAwMDAwMDAwMH0sInNjaGVtYV92ZXJzaW9uIjoiMSJ9",
          "dependencies": [
            "google_container_cluster.python-app-gke-cluster",
            "google_service_account.gke-sa",
            "module.Network.google_compute_network.python-app-vpc",
            "module.Network.google_compute_subnetwork.python-app-restricted-subnet"
          ]
        }
      ]
    },
    {
      "mode": "managed",
      "type": "google_project_iam_binding",
      "name": "gke-sa-binding",
      "provider": "provider[\"registry.terraform.io/hashicorp/google\"]",
      "instances": [
        {
          "schema_version": 0,
          "attributes": {
            "condition": [],
            "etag": "BwXlD9aSPmQ=",
            "id": "mostafa-alnaggar-project/roles/storage.admin",
            "members": [
              "serviceAccount:gke-sa@mostafa-alnaggar-project.iam.gserviceaccount.com"
            ],
            "project": "mostafa-alnaggar-project",
            "role": "roles/storage.admin"
          },
          "sensitive_attributes": [],
          "private": "bnVsbA==",
          "dependencies": [
            "google_service_account.gke-sa"
          ]
        }
      ]
    },
    {
      "mode": "managed",
      "type": "google_project_iam_binding",
      "name": "manage-sa-bindig-2",
      "provider": "provider[\"registry.terraform.io/hashicorp/google\"]",
      "instances": [
        {
          "schema_version": 0,
          "attributes": {
            "condition": [],
            "etag": "BwXlD9aSPmQ=",
            "id": "mostafa-alnaggar-project/roles/container.admin",
            "members": [
              "serviceAccount:manage-sa@mostafa-alnaggar-project.iam.gserviceaccount.com"
            ],
            "project": "mostafa-alnaggar-project",
            "role": "roles/container.admin"
          },
          "sensitive_attributes": [],
          "private": "bnVsbA==",
          "dependencies": [
            "google_service_account.manage-sa"
          ]
        }
      ]
    },
    {
      "mode": "managed",
      "type": "google_project_iam_binding",
      "name": "manage-sa-binding",
      "provider": "provider[\"registry.terraform.io/hashicorp/google\"]",
      "instances": [
        {
          "schema_version": 0,
          "attributes": {
            "condition": [],
            "etag": "BwXlD9aSPmQ=",
            "id": "mostafa-alnaggar-project/roles/storage.admin",
            "members": [
              "serviceAccount:manage-sa@mostafa-alnaggar-project.iam.gserviceaccount.com"
            ],
            "project": "mostafa-alnaggar-project",
            "role": "roles/storage.admin"
          },
          "sensitive_attributes": [],
          "private": "bnVsbA==",
          "dependencies": [
            "google_service_account.manage-sa"
          ]
        }
      ]
    },
    {
      "mode": "managed",
      "type": "google_service_account",
      "name": "gke-sa",
      "provider": "provider[\"registry.terraform.io/hashicorp/google\"]",
      "instances": [
        {
          "schema_version": 0,
          "attributes": {
            "account_id": "gke-sa",
            "description": "",
            "disabled": false,
            "display_name": "GKE Service Account",
            "email": "gke-sa@mostafa-alnaggar-project.iam.gserviceaccount.com",
            "id": "projects/mostafa-alnaggar-project/serviceAccounts/gke-sa@mostafa-alnaggar-project.iam.gserviceaccount.com",
            "name": "projects/mostafa-alnaggar-project/serviceAccounts/gke-sa@mostafa-alnaggar-project.iam.gserviceaccount.com",
            "project": "mostafa-alnaggar-project",
            "timeouts": null,
            "unique_id": "110760424934970826738"
          },
          "sensitive_attributes": [],
          "private": "eyJlMmJmYjczMC1lY2FhLTExZTYtOGY4OC0zNDM2M2JjN2M0YzAiOnsiY3JlYXRlIjozMDAwMDAwMDAwMDB9fQ=="
        }
      ]
    },
    {
      "mode": "managed",
      "type": "google_service_account",
      "name": "manage-sa",
      "provider": "provider[\"registry.terraform.io/hashicorp/google\"]",
      "instances": [
        {
          "schema_version": 0,
          "attributes": {
            "account_id": "manage-sa",
            "description": "",
            "disabled": false,
            "display_name": "manage Service Account",
            "email": "manage-sa@mostafa-alnaggar-project.iam.gserviceaccount.com",
            "id": "projects/mostafa-alnaggar-project/serviceAccounts/manage-sa@mostafa-alnaggar-project.iam.gserviceaccount.com",
            "name": "projects/mostafa-alnaggar-project/serviceAccounts/manage-sa@mostafa-alnaggar-project.iam.gserviceaccount.com",
            "project": "mostafa-alnaggar-project",
            "timeouts": null,
            "unique_id": "116706995641551156441"
          },
          "sensitive_attributes": [],
          "private": "eyJlMmJmYjczMC1lY2FhLTExZTYtOGY4OC0zNDM2M2JjN2M0YzAiOnsiY3JlYXRlIjozMDAwMDAwMDAwMDB9fQ=="
        }
      ]
    },
    {
      "module": "module.Network",
      "mode": "managed",
      "type": "google_compute_firewall",
      "name": "python-app-fw-allow-ssh",
      "provider": "provider[\"registry.terraform.io/hashicorp/google\"]",
      "instances": [
        {
          "schema_version": 1,
          "attributes": {
            "allow": [
              {
                "ports": [
                  "22",
                  "80"
                ],
                "protocol": "tcp"
              }
            ],
            "creation_timestamp": "2022-07-30T18:31:16.904-07:00",
            "deny": [],
            "description": "",
            "destination_ranges": [],
            "direction": "INGRESS",
            "disabled": false,
            "enable_logging": null,
            "id": "projects/mostafa-alnaggar-project/global/firewalls/python-app-fw-allow-ssh",
            "log_config": [],
            "name": "python-app-fw-allow-ssh",
            "network": "https://www.googleapis.com/compute/v1/projects/mostafa-alnaggar-project/global/networks/python-app-vpc",
            "priority": 1000,
            "project": "mostafa-alnaggar-project",
            "self_link": "https://www.googleapis.com/compute/v1/projects/mostafa-alnaggar-project/global/firewalls/python-app-fw-allow-ssh",
            "source_ranges": [
              "0.0.0.0/0"
            ],
            "source_service_accounts": null,
            "source_tags": null,
            "target_service_accounts": null,
            "target_tags": null,
            "timeouts": null
          },
          "sensitive_attributes": [],
          "private": "eyJlMmJmYjczMC1lY2FhLTExZTYtOGY4OC0zNDM2M2JjN2M0YzAiOnsiY3JlYXRlIjoxMjAwMDAwMDAwMDAwLCJkZWxldGUiOjEyMDAwMDAwMDAwMDAsInVwZGF0ZSI6MTIwMDAwMDAwMDAwMH0sInNjaGVtYV92ZXJzaW9uIjoiMSJ9",
          "dependencies": [
            "module.Network.google_compute_network.python-app-vpc"
          ]
        }
      ]
    },
    {
      "module": "module.Network",
      "mode": "managed",
      "type": "google_compute_network",
      "name": "python-app-vpc",
      "provider": "provider[\"registry.terraform.io/hashicorp/google\"]",
      "instances": [
        {
          "schema_version": 0,
          "attributes": {
            "auto_create_subnetworks": false,
            "delete_default_routes_on_create": false,
            "description": "",
            "enable_ula_internal_ipv6": false,
            "gateway_ipv4": "",
            "id": "projects/mostafa-alnaggar-project/global/networks/python-app-vpc",
            "internal_ipv6_range": "",
            "mtu": 0,
            "name": "python-app-vpc",
            "project": "mostafa-alnaggar-project",
            "routing_mode": "REGIONAL",
            "self_link": "https://www.googleapis.com/compute/v1/projects/mostafa-alnaggar-project/global/networks/python-app-vpc",
            "timeouts": null
          },
          "sensitive_attributes": [],
          "private": "eyJlMmJmYjczMC1lY2FhLTExZTYtOGY4OC0zNDM2M2JjN2M0YzAiOnsiY3JlYXRlIjoxMjAwMDAwMDAwMDAwLCJkZWxldGUiOjEyMDAwMDAwMDAwMDAsInVwZGF0ZSI6MTIwMDAwMDAwMDAwMH19"
        }
      ]
    },
    {
      "module": "module.Network",
      "mode": "managed",
      "type": "google_compute_router",
      "name": "python-app-router",
      "provider": "provider[\"registry.terraform.io/hashicorp/google\"]",
      "instances": [
        {
          "schema_version": 0,
          "attributes": {
            "bgp": [],
            "creation_timestamp": "2022-07-30T18:31:17.030-07:00",
            "description": "",
            "encrypted_interconnect_router": false,
            "id": "projects/mostafa-alnaggar-project/regions/europe-west1/routers/python-app-router",
            "name": "python-app-router",
            "network": "https://www.googleapis.com/compute/v1/projects/mostafa-alnaggar-project/global/networks/python-app-vpc",
            "project": "mostafa-alnaggar-project",
            "region": "europe-west1",
            "self_link": "https://www.googleapis.com/compute/v1/projects/mostafa-alnaggar-project/regions/europe-west1/routers/python-app-router",
            "timeouts": null
          },
          "sensitive_attributes": [],
          "private": "eyJlMmJmYjczMC1lY2FhLTExZTYtOGY4OC0zNDM2M2JjN2M0YzAiOnsiY3JlYXRlIjoxMjAwMDAwMDAwMDAwLCJkZWxldGUiOjEyMDAwMDAwMDAwMDAsInVwZGF0ZSI6MTIwMDAwMDAwMDAwMH19",
          "dependencies": [
            "module.Network.google_compute_network.python-app-vpc"
          ]
        }
      ]
    },
    {
      "module": "module.Network",
      "mode": "managed",
      "type": "google_compute_router_nat",
      "name": "python-app-nat",
      "provider": "provider[\"registry.terraform.io/hashicorp/google\"]",
      "instances": [
        {
          "schema_version": 0,
          "attributes": {
            "drain_nat_ips": null,
            "enable_dynamic_port_allocation": false,
            "enable_endpoint_independent_mapping": true,
            "icmp_idle_timeout_sec": 30,
            "id": "mostafa-alnaggar-project/europe-west1/python-app-router/python-app-nat",
            "log_config": [],
            "max_ports_per_vm": 0,
            "min_ports_per_vm": 0,
            "name": "python-app-nat",
            "nat_ip_allocate_option": "AUTO_ONLY",
            "nat_ips": null,
            "project": "mostafa-alnaggar-project",
            "region": "europe-west1",
            "router": "python-app-router",
            "source_subnetwork_ip_ranges_to_nat": "LIST_OF_SUBNETWORKS",
            "subnetwork": [
              {
                "name": "projects/mostafa-alnaggar-project/regions/europe-west1/subnetworks/python-app-managment-subnet",
                "secondary_ip_range_names": [],
                "source_ip_ranges_to_nat": [
                  "ALL_IP_RANGES"
                ]
              },
              {
                "name": "projects/mostafa-alnaggar-project/regions/europe-west1/subnetworks/python-app-restricted-subnet",
                "secondary_ip_range_names": [],
                "source_ip_ranges_to_nat": [
                  "ALL_IP_RANGES"
                ]
              }
            ],
            "tcp_established_idle_timeout_sec": 1200,
            "tcp_transitory_idle_timeout_sec": 30,
            "timeouts": null,
            "udp_idle_timeout_sec": 30
          },
          "sensitive_attributes": [],
          "private": "eyJlMmJmYjczMC1lY2FhLTExZTYtOGY4OC0zNDM2M2JjN2M0YzAiOnsiY3JlYXRlIjoxMjAwMDAwMDAwMDAwLCJkZWxldGUiOjEyMDAwMDAwMDAwMDAsInVwZGF0ZSI6MTIwMDAwMDAwMDAwMH19",
          "dependencies": [
            "module.Network.google_compute_network.python-app-vpc",
            "module.Network.google_compute_router.python-app-router",
            "module.Network.google_compute_subnetwork.python-app-managment-subnet",
            "module.Network.google_compute_subnetwork.python-app-restricted-subnet"
          ]
        }
      ]
    },
    {
      "module": "module.Network",
      "mode": "managed",
      "type": "google_compute_subnetwork",
      "name": "python-app-managment-subnet",
      "provider": "provider[\"registry.terraform.io/hashicorp/google\"]",
      "instances": [
        {
          "schema_version": 0,
          "attributes": {
            "creation_timestamp": "2022-07-30T18:31:17.729-07:00",
            "description": "",
            "external_ipv6_prefix": "",
            "fingerprint": null,
            "gateway_address": "10.0.1.1",
            "id": "projects/mostafa-alnaggar-project/regions/europe-west1/subnetworks/python-app-managment-subnet",
            "ip_cidr_range": "10.0.1.0/24",
            "ipv6_access_type": "",
            "ipv6_cidr_range": "",
            "log_config": [],
            "name": "python-app-managment-subnet",
            "network": "https://www.googleapis.com/compute/v1/projects/mostafa-alnaggar-project/global/networks/python-app-vpc",
            "private_ip_google_access": false,
            "private_ipv6_google_access": "DISABLE_GOOGLE_ACCESS",
            "project": "mostafa-alnaggar-project",
            "purpose": "PRIVATE",
            "region": "europe-west1",
            "role": "",
            "secondary_ip_range": [],
            "self_link": "https://www.googleapis.com/compute/v1/projects/mostafa-alnaggar-project/regions/europe-west1/subnetworks/python-app-managment-subnet",
            "stack_type": "IPV4_ONLY",
            "timeouts": null
          },
          "sensitive_attributes": [],
          "private": "eyJlMmJmYjczMC1lY2FhLTExZTYtOGY4OC0zNDM2M2JjN2M0YzAiOnsiY3JlYXRlIjoxMjAwMDAwMDAwMDAwLCJkZWxldGUiOjEyMDAwMDAwMDAwMDAsInVwZGF0ZSI6MTIwMDAwMDAwMDAwMH19",
          "dependencies": [
            "module.Network.google_compute_network.python-app-vpc"
          ]
        }
      ]
    },
    {
      "module": "module.Network",
      "mode": "managed",
      "type": "google_compute_subnetwork",
      "name": "python-app-restricted-subnet",
      "provider": "provider[\"registry.terraform.io/hashicorp/google\"]",
      "instances": [
        {
          "schema_version": 0,
          "attributes": {
            "creation_timestamp": "2022-07-30T18:31:18.266-07:00",
            "description": "",
            "external_ipv6_prefix": "",
            "fingerprint": null,
            "gateway_address": "10.0.2.1",
            "id": "projects/mostafa-alnaggar-project/regions/europe-west1/subnetworks/python-app-restricted-subnet",
            "ip_cidr_range": "10.0.2.0/24",
            "ipv6_access_type": "",
            "ipv6_cidr_range": "",
            "log_config": [],
            "name": "python-app-restricted-subnet",
            "network": "https://www.googleapis.com/compute/v1/projects/mostafa-alnaggar-project/global/networks/python-app-vpc",
            "private_ip_google_access": false,
            "private_ipv6_google_access": "DISABLE_GOOGLE_ACCESS",
            "project": "mostafa-alnaggar-project",
            "purpose": "PRIVATE",
            "region": "europe-west1",
            "role": "",
            "secondary_ip_range": [],
            "self_link": "https://www.googleapis.com/compute/v1/projects/mostafa-alnaggar-project/regions/europe-west1/subnetworks/python-app-restricted-subnet",
            "stack_type": "IPV4_ONLY",
            "timeouts": null
          },
          "sensitive_attributes": [],
          "private": "eyJlMmJmYjczMC1lY2FhLTExZTYtOGY4OC0zNDM2M2JjN2M0YzAiOnsiY3JlYXRlIjoxMjAwMDAwMDAwMDAwLCJkZWxldGUiOjEyMDAwMDAwMDAwMDAsInVwZGF0ZSI6MTIwMDAwMDAwMDAwMH19",
          "dependencies": [
            "module.Network.google_compute_network.python-app-vpc"
          ]
        }
      ]
    }
  ]
}
